{
  "requires": true,
  "lockfileVersion": 1,
  "dependencies": {
    "@types/concat-stream": {
      "version": "1.6.0",
      "resolved": "https://registry.npmjs.org/@types/concat-stream/-/concat-stream-1.6.0.tgz",
      "integrity": "sha1-OU2+C7X+5Gs42JZzXoto7yOQ0A0=",
      "requires": {
        "@types/node": "9.6.20"
      }
    },
    "@types/form-data": {
      "version": "0.0.33",
      "resolved": "https://registry.npmjs.org/@types/form-data/-/form-data-0.0.33.tgz",
      "integrity": "sha1-yayFsqX9GENbjIXZ7LUObWyJP/g=",
      "requires": {
        "@types/node": "9.6.20"
      }
    },
    "@types/node": {
      "version": "9.6.20",
      "resolved": "https://registry.npmjs.org/@types/node/-/node-9.6.20.tgz",
      "integrity": "sha512-mIMXUbH2MmJAQQjzFUIRpxa+FtA27IaHMrIgoJ1fyu/EfpVN/UZw3ISMNnwVec4lau8R8SM4pNFXSCZpJFX2Bw=="
    },
    "@types/qs": {
      "version": "6.5.1",
      "resolved": "https://registry.npmjs.org/@types/qs/-/qs-6.5.1.tgz",
      "integrity": "sha512-mNhVdZHdtKHMMxbqzNK3RzkBcN1cux3AvuCYGTvjEIQT2uheH3eCAyYsbMbh2Bq8nXkeOWs1kyDiF7geWRFQ4Q=="
    },
    "asap": {
      "version": "2.0.6",
      "resolved": "https://registry.npmjs.org/asap/-/asap-2.0.6.tgz",
      "integrity": "sha1-5QNHYR1+aQlDIIu9r+vLwvuGbUY="
    },
    "asynckit": {
      "version": "0.4.0",
      "resolved": "https://registry.npmjs.org/asynckit/-/asynckit-0.4.0.tgz",
      "integrity": "sha1-x57Zf380y48robyXkLzDZkdLS3k="
    },
    "bson": {
      "version": "1.0.6",
      "resolved": "https://registry.npmjs.org/bson/-/bson-1.0.6.tgz",
      "integrity": "sha512-D8zmlb46xfuK2gGvKmUjIklQEouN2nQ0LEHHeZ/NoHM2LDiMk2EYzZ5Ntw/Urk+bgMDosOZxaRzXxvhI5TcAVQ=="
    },
    "buffer-from": {
      "version": "1.1.0",
      "resolved": "https://registry.npmjs.org/buffer-from/-/buffer-from-1.1.0.tgz",
      "integrity": "sha512-c5mRlguI/Pe2dSZmpER62rSCu0ryKmWddzRYsuXc50U2/g8jMOulc31VZMa4mYx31U5xsmSOpDCgH88Vl9cDGQ=="
    },
    "caseless": {
      "version": "0.12.0",
      "resolved": "https://registry.npmjs.org/caseless/-/caseless-0.12.0.tgz",
      "integrity": "sha1-G2gcIf+EAzyCZUMJBolCDRhxUdw="
    },
    "combined-stream": {
      "version": "1.0.6",
      "resolved": "https://registry.npmjs.org/combined-stream/-/combined-stream-1.0.6.tgz",
      "integrity": "sha1-cj599ugBrFYTETp+RFqbactjKBg=",
      "requires": {
        "delayed-stream": "1.0.0"
      }
    },
    "commander": {
      "version": "2.15.1",
      "resolved": "https://registry.npmjs.org/commander/-/commander-2.15.1.tgz",
      "integrity": "sha512-VlfT9F3V0v+jr4yxPc5gg9s62/fIVWsd2Bk2iD435um1NlGMYdVCq+MjcXnhYq2icNOizHr1kK+5TI6H0Hy0ag=="
    },
    "concat-stream": {
      "version": "1.6.2",
      "resolved": "https://registry.npmjs.org/concat-stream/-/concat-stream-1.6.2.tgz",
      "integrity": "sha512-27HBghJxjiZtIk3Ycvn/4kbJk/1uZuJFfuPEns6LaEvpvG1f0hTea8lilrouyo9mVc2GWdcEZ8OLoGmSADlrCw==",
      "requires": {
        "buffer-from": "1.1.0",
        "inherits": "2.0.3",
        "readable-stream": "2.3.6",
        "typedarray": "0.0.6"
      }
    },
    "core-util-is": {
      "version": "1.0.2",
      "resolved": "https://registry.npmjs.org/core-util-is/-/core-util-is-1.0.2.tgz",
      "integrity": "sha1-tf1UIgqivFq1eqtxQMlAdUUDwac="
    },
    "debug": {
      "version": "3.1.0",
      "resolved": "https://registry.npmjs.org/debug/-/debug-3.1.0.tgz",
      "integrity": "sha512-OX8XqP7/1a9cqkxYw2yXss15f26NKWBpDXQd0/uK/KPqdQhxbPa994hnzjcE2VqQpDslf55723cKPUOGSmMY3g==",
      "requires": {
        "ms": "2.0.0"
      }
    },
    "delayed-stream": {
      "version": "1.0.0",
      "resolved": "https://registry.npmjs.org/delayed-stream/-/delayed-stream-1.0.0.tgz",
      "integrity": "sha1-3zrhmayt+31ECqrgsp4icrJOxhk="
    },
    "form-data": {
      "version": "2.3.2",
      "resolved": "https://registry.npmjs.org/form-data/-/form-data-2.3.2.tgz",
      "integrity": "sha1-SXBJi+YEwgwAXU9cI67NIda0kJk=",
      "requires": {
        "asynckit": "0.4.0",
        "combined-stream": "1.0.6",
        "mime-types": "2.1.18"
      }
    },
    "get-port": {
      "version": "3.2.0",
      "resolved": "https://registry.npmjs.org/get-port/-/get-port-3.2.0.tgz",
      "integrity": "sha1-3Xzn3hh8Bsi/NTeWrHHgmfCYDrw="
    },
    "http-basic": {
      "version": "7.0.0",
      "resolved": "https://registry.npmjs.org/http-basic/-/http-basic-7.0.0.tgz",
      "integrity": "sha1-gvClBr6UJzLsje6+6A50bvVzbbo=",
      "requires": {
        "@types/concat-stream": "1.6.0",
        "@types/node": "9.6.20",
        "caseless": "0.12.0",
        "concat-stream": "1.6.2",
        "http-response-object": "3.0.1",
        "parse-cache-control": "1.0.1"
      }
    },
    "http-response-object": {
      "version": "3.0.1",
      "resolved": "https://registry.npmjs.org/http-response-object/-/http-response-object-3.0.1.tgz",
      "integrity": "sha512-6L0Fkd6TozA8kFSfh9Widst0wfza3U1Ex2RjJ6zNDK0vR1U1auUR6jY4Nn2Xl7CCy0ikFmxW1XcspVpb9RvwTg==",
      "requires": {
        "@types/node": "9.6.20"
      }
    },
    "inherits": {
      "version": "2.0.3",
      "resolved": "https://registry.npmjs.org/inherits/-/inherits-2.0.3.tgz",
      "integrity": "sha1-Yzwsg+PaQqUC9SRmAiSA9CCCYd4="
    },
    "isarray": {
      "version": "1.0.0",
      "resolved": "https://registry.npmjs.org/isarray/-/isarray-1.0.0.tgz",
      "integrity": "sha1-u5NdSFgsuhaMBoNJV6VKPgcSTxE="
    },
    "mime-db": {
      "version": "1.33.0",
      "resolved": "https://registry.npmjs.org/mime-db/-/mime-db-1.33.0.tgz",
      "integrity": "sha512-BHJ/EKruNIqJf/QahvxwQZXKygOQ256myeN/Ew+THcAa5q+PjyTTMMeNQC4DZw5AwfvelsUrA6B67NKMqXDbzQ=="
    },
    "mime-types": {
      "version": "2.1.18",
      "resolved": "https://registry.npmjs.org/mime-types/-/mime-types-2.1.18.tgz",
      "integrity": "sha512-lc/aahn+t4/SWV/qcmumYjymLsWfN3ELhpmVuUFjgsORruuZPVSwAQryq+HHGvO/SI2KVX26bx+En+zhM8g8hQ==",
      "requires": {
        "mime-db": "1.33.0"
      }
    },
    "mongodb": {
      "version": "3.0.10",
      "resolved": "https://registry.npmjs.org/mongodb/-/mongodb-3.0.10.tgz",
      "integrity": "sha512-jy9s4FgcM4rl8sHNETYHGeWcuRh9AlwQCUuMiTj041t/HD02HwyFgmm2VZdd9/mA9YNHaUJLqj0tzBx2QFivtg==",
      "requires": {
        "mongodb-core": "3.0.9"
      }
    },
    "mongodb-core": {
      "version": "3.0.9",
      "resolved": "https://registry.npmjs.org/mongodb-core/-/mongodb-core-3.0.9.tgz",
      "integrity": "sha512-buOWjdLLBlEqjHDeHYSXqXx173wHMVp7bafhdHxSjxWdB9V6Ri4myTqxjYZwL/eGFZxvd8oRQSuhwuIDbaaB+g==",
      "requires": {
        "bson": "1.0.6",
        "require_optional": "1.0.1"
      }
    },
    "ms": {
      "version": "2.0.0",
      "resolved": "https://registry.npmjs.org/ms/-/ms-2.0.0.tgz",
      "integrity": "sha1-VgiurfwAvmwpAd9fmGF4jeDVl8g="
    },
    "parse-cache-control": {
      "version": "1.0.1",
      "resolved": "https://registry.npmjs.org/parse-cache-control/-/parse-cache-control-1.0.1.tgz",
      "integrity": "sha1-juqz5U+laSD+Fro493+iGqzC104="
    },
    "process-nextick-args": {
      "version": "2.0.0",
      "resolved": "https://registry.npmjs.org/process-nextick-args/-/process-nextick-args-2.0.0.tgz",
      "integrity": "sha512-MtEC1TqN0EU5nephaJ4rAtThHtC86dNN9qCuEhtshvpVBkAW5ZO7BASN9REnF9eoXGcRub+pFuKEpOHE+HbEMw=="
    },
    "promise": {
      "version": "8.0.1",
      "resolved": "https://registry.npmjs.org/promise/-/promise-8.0.1.tgz",
      "integrity": "sha1-5F1osAoXZHttpxG/he1u1HII9FA=",
      "requires": {
        "asap": "2.0.6"
      }
    },
    "qs": {
      "version": "6.5.2",
      "resolved": "https://registry.npmjs.org/qs/-/qs-6.5.2.tgz",
      "integrity": "sha512-N5ZAX4/LxJmF+7wN74pUD6qAh9/wnvdQcjq9TZjevvXzSUo7bfmw91saqMjzGS2xq91/odN2dW/WOl7qQHNDGA=="
    },
    "readable-stream": {
      "version": "2.3.6",
      "resolved": "https://registry.npmjs.org/readable-stream/-/readable-stream-2.3.6.tgz",
      "integrity": "sha512-tQtKA9WIAhBF3+VLAseyMqZeBjW0AHJoxOtYqSUZNJxauErmLbVm2FW1y+J/YA9dUrAC39ITejlZWhVIwawkKw==",
      "requires": {
        "core-util-is": "1.0.2",
        "inherits": "2.0.3",
        "isarray": "1.0.0",
        "process-nextick-args": "2.0.0",
        "safe-buffer": "5.1.2",
        "string_decoder": "1.1.1",
        "util-deprecate": "1.0.2"
      }
    },
    "require_optional": {
      "version": "1.0.1",
      "resolved": "https://registry.npmjs.org/require_optional/-/require_optional-1.0.1.tgz",
      "integrity": "sha512-qhM/y57enGWHAe3v/NcwML6a3/vfESLe/sGM2dII+gEO0BpKRUkWZow/tyloNqJyN6kXSl3RyyM8Ll5D/sJP8g==",
      "requires": {
        "resolve-from": "2.0.0",
        "semver": "5.5.0"
      }
    },
    "resolve-from": {
      "version": "2.0.0",
      "resolved": "https://registry.npmjs.org/resolve-from/-/resolve-from-2.0.0.tgz",
      "integrity": "sha1-lICrIOlP+h2egKgEx+oUdhGWa1c="
    },
    "rxjs": {
      "version": "6.2.0",
      "resolved": "https://registry.npmjs.org/rxjs/-/rxjs-6.2.0.tgz",
      "integrity": "sha512-qBzf5uu6eOKiCZuAE0SgZ0/Qp+l54oeVxFfC2t+mJ2SFI6IB8gmMdJHs5DUMu5kqifqcCtsKS2XHjhZu6RKvAw==",
      "requires": {
        "tslib": "1.9.2"
      }
    },
    "rxjs-compat": {
      "version": "6.2.0",
      "resolved": "https://registry.npmjs.org/rxjs-compat/-/rxjs-compat-6.2.0.tgz",
      "integrity": "sha512-kFX7NSIgyzqn3+J5F/w75R72wDOICXwArbXyPU1neE4laOEwxkMTm+2oAZXN82yb+yli+j+c5USgbGLfphTCTA=="
    },
    "safe-buffer": {
      "version": "5.1.2",
      "resolved": "https://registry.npmjs.org/safe-buffer/-/safe-buffer-5.1.2.tgz",
      "integrity": "sha512-Gd2UZBJDkXlY7GbJxfsE8/nvKkUEU1G38c1siN6QP6a9PT9MmHB8GnpscSmMJSoF8LOIrt8ud/wPtojys4G6+g=="
    },
    "semver": {
      "version": "5.5.0",
      "resolved": "https://registry.npmjs.org/semver/-/semver-5.5.0.tgz",
      "integrity": "sha512-4SJ3dm0WAwWy/NVeioZh5AntkdJoWKxHxcmyP622fOkgHa4z3R0TdBJICINyaSDE6uNwVc8gZr+ZinwZAH4xIA=="
    },
    "string_decoder": {
      "version": "1.1.1",
      "resolved": "https://registry.npmjs.org/string_decoder/-/string_decoder-1.1.1.tgz",
      "integrity": "sha512-n/ShnvDi6FHbbVfviro+WojiFzv+s8MPMHBczVePfUpDJLwoLT0ht1l4YwBCbi8pJAveEEdnkHyPyTP/mzRfwg==",
      "requires": {
        "safe-buffer": "5.1.2"
      }
    },
    "sync-request": {
      "version": "6.0.0",
      "resolved": "https://registry.npmjs.org/sync-request/-/sync-request-6.0.0.tgz",
      "integrity": "sha512-jGNIAlCi9iU4X3Dm4oQnNQshDD3h0/1A7r79LyqjbjUnj69sX6mShAXlhRXgImsfVKtTcnra1jfzabdZvp+Lmw==",
      "requires": {
        "http-response-object": "3.0.1",
        "sync-rpc": "1.3.4",
        "then-request": "6.0.0"
      }
    },
    "sync-rpc": {
      "version": "1.3.4",
      "resolved": "https://registry.npmjs.org/sync-rpc/-/sync-rpc-1.3.4.tgz",
      "integrity": "sha512-Iug+t1ICVFenUcTnDu8WXFnT+k8IVoLKGh8VA3eXUtl2Rt9SjKX3YEv33OenABqpTPL9QEaHv1+CNn2LK8vMow==",
      "requires": {
        "get-port": "3.2.0"
      }
    },
    "then-request": {
      "version": "6.0.0",
      "resolved": "https://registry.npmjs.org/then-request/-/then-request-6.0.0.tgz",
      "integrity": "sha512-xA+7uEMc+jsQIoyySJ93Ad08Kuqnik7u6jLS5hR91Z3smAoCfL3M8/MqMlobAa9gzBfO9pA88A/AntfepkkMJQ==",
      "requires": {
        "@types/concat-stream": "1.6.0",
        "@types/form-data": "0.0.33",
        "@types/node": "8.10.18",
        "@types/qs": "6.5.1",
        "caseless": "0.12.0",
        "concat-stream": "1.6.2",
        "form-data": "2.3.2",
        "http-basic": "7.0.0",
        "http-response-object": "3.0.1",
        "promise": "8.0.1",
        "qs": "6.5.2"
      },
      "dependencies": {
        "@types/node": {
          "version": "8.10.18",
          "resolved": "https://registry.npmjs.org/@types/node/-/node-8.10.18.tgz",
          "integrity": "sha512-WoepSz+wJlU5Bjq5oK6cO1oXe2FgPcjMtQPgKPS8fVaTAD0lxkScMCCbMimdkVCsykqaA4lvHWz3cmj28yimhA=="
        }
      }
    },
    "tslib": {
      "version": "1.9.2",
      "resolved": "https://registry.npmjs.org/tslib/-/tslib-1.9.2.tgz",
      "integrity": "sha512-AVP5Xol3WivEr7hnssHDsaM+lVrVXWUvd1cfXTRkTj80b//6g2wIFEH6hZG0muGZRnHGrfttpdzRk3YlBkWjKw=="
    },
    "typedarray": {
      "version": "0.0.6",
      "resolved": "https://registry.npmjs.org/typedarray/-/typedarray-0.0.6.tgz",
      "integrity": "sha1-hnrHTjhkGHsdPUfZlqeOxciDB3c="
    },
    "underscore": {
      "version": "1.9.1",
      "resolved": "https://registry.npmjs.org/underscore/-/underscore-1.9.1.tgz",
      "integrity": "sha512-5/4etnCkd9c8gwgowi5/om/mYO5ajCaOgdzj/oW+0eQV9WxKBDZw5+ycmKmeaTXjInS/W0BzpGLo2xR2aBwZdg=="
    },
    "util-deprecate": {
      "version": "1.0.2",
      "resolved": "https://registry.npmjs.org/util-deprecate/-/util-deprecate-1.0.2.tgz",
      "integrity": "sha1-RQ1Nyfpw3nMnYvvS1KKJgUGaDM8="
    }
  }
}
